
Microsoft Visual Studio Solution File, Format Version 12.00
# Visual Studio Version 17
VisualStudioVersion = 17.8.34309.116
MinimumVisualStudioVersion = 10.0.40219.1
Project("{FAE04EC0-301F-11D3-BF4B-00C04F79EFBC}") = "Triangleconstr", "Triangleconstr\Triangleconstr.csproj", "{94874DC5-276C-47C2-AE29-296338A4E5F9}"
EndProject
Global
	GlobalSection(SolutionConfigurationPlatforms) = preSolution
		Debug|Any CPU = Debug|Any CPU
		Release|Any CPU = Release|Any CPU
	EndGlobalSection
	GlobalSection(ProjectConfigurationPlatforms) = postSolution
		{94874DC5-276C-47C2-AE29-296338A4E5F9}.Debug|Any CPU.ActiveCfg = Debug|Any CPU
		{94874DC5-276C-47C2-AE29-296338A4E5F9}.Debug|Any CPU.Build.0 = Debug|Any CPU
		{94874DC5-276C-47C2-AE29-296338A4E5F9}.Release|Any CPU.ActiveCfg = Release|Any CPU
		{94874DC5-276C-47C2-AE29-296338A4E5F9}.Release|Any CPU.Build.0 = Release|Any CPU
	EndGlobalSection
	GlobalSection(SolutionProperties) = preSolution
		HideSolutionNode = FALSE
	EndGlobalSection
	GlobalSection(ExtensibilityGlobals) = postSolution
		SolutionGuid = {9B68B0DC-9177-4F2E-AA39-419A09699BDC}
	EndGlobalSection
EndGlobal
