
Microsoft Visual Studio Solution File, Format Version 12.00
# Visual Studio Version 17
VisualStudioVersion = 17.8.34309.116
MinimumVisualStudioVersion = 10.0.40219.1
Project("{FAE04EC0-301F-11D3-BF4B-00C04F79EFBC}") = "TriangleClass", "TriangleClass\TriangleClass.csproj", "{A5818951-8AB2-47EB-AD12-6C627C316B3C}"
EndProject
Global
	GlobalSection(SolutionConfigurationPlatforms) = preSolution
		Debug|Any CPU = Debug|Any CPU
		Release|Any CPU = Release|Any CPU
	EndGlobalSection
	GlobalSection(ProjectConfigurationPlatforms) = postSolution
		{A5818951-8AB2-47EB-AD12-6C627C316B3C}.Debug|Any CPU.ActiveCfg = Debug|Any CPU
		{A5818951-8AB2-47EB-AD12-6C627C316B3C}.Debug|Any CPU.Build.0 = Debug|Any CPU
		{A5818951-8AB2-47EB-AD12-6C627C316B3C}.Release|Any CPU.ActiveCfg = Release|Any CPU
		{A5818951-8AB2-47EB-AD12-6C627C316B3C}.Release|Any CPU.Build.0 = Release|Any CPU
	EndGlobalSection
	GlobalSection(SolutionProperties) = preSolution
		HideSolutionNode = FALSE
	EndGlobalSection
	GlobalSection(ExtensibilityGlobals) = postSolution
		SolutionGuid = {50706700-5C13-4D96-98B8-9D4ACEF17C06}
	EndGlobalSection
EndGlobal
